# This file is autogenerated, do not edit; changes may be undone by the next 'dep ensure'.


[[projects]]
  name = "github.com/PuerkitoBio/goquery"
  packages = ["."]
  revision = "dc2ec5c7ca4d9aae063b79b9f581dd3ea6afd2b2"
  version = "v1.4.1"

[[projects]]
  name = "github.com/andybalholm/cascadia"
  packages = ["."]
  revision = "901648c87902174f774fac311d7f176f8647bdaa"
  version = "v1.0.0"

[[projects]]
  branch = "master"
  name = "github.com/tarunama/reqcrawler"
  packages = ["reqcrawler"]
  revision = "3a2b4bc1fe7bfcefba33aa09d21c903080958c50"

[[projects]]
  branch = "master"
  name = "golang.org/x/net"
  packages = [
    "html",
    "html/atom"
  ]
  revision = "04a2e542c03f1d053ab3e4d6e5abcd4b66e2be8e"

[solve-meta]
  analyzer-name = "dep"
  analyzer-version = 1
  inputs-digest = "0cbd553d5140fb898faba4480bbe89c53ec2c01fce3a161844724a0decf43ba9"
  solver-name = "gps-cdcl"
  solver-version = 1
